{
    "requires": true,
    "lockfileVersion": 1,
    "dependencies": {
        "almond": {
            "version": "0.3.3",
            "resolved": "https://registry.npmjs.org/almond/-/almond-0.3.3.tgz",
            "integrity": "sha1-oOfJWsdiTWQXtElLHmi/9pMWiiA="
        },
        "jquery-mousewheel": {
            "version": "3.1.13",
            "resolved": "https://registry.npmjs.org/jquery-mousewheel/-/jquery-mousewheel-3.1.13.tgz",
            "integrity": "sha1-BvAzXxbjU6aV5yBr9QUDy1I6buU="
        },
        "lodash": {
            "version": "4.17.5",
            "resolved": "https://registry.npmjs.org/lodash/-/lodash-4.17.5.tgz",
            "integrity": "sha512-svL3uiZf1RwhH+cWrfZn3A4+U58wbP0tGVTLQPbjplZxZ8ROD9VLuNgsRniTlLe7OlSqR79RUehXgpBW/s0IQw==",
            "dev": true
        },
        "select2": {
            "version": "4.0.6-rc.1",
            "resolved": "https://registry.npmjs.org/select2/-/select2-4.0.6-rc.1.tgz",
            "integrity": "sha1-qmwwOKfw8ukf+t448KIcFeGBMnY=",
            "requires": {
                "almond": "0.3.3",
                "jquery-mousewheel": "3.1.13"
            }
        }
    }
}
